{
    "_meta": {
        "hash": {
            "sha256": "6648eff9828a0569c0be63e83ff111765cbe7d04fd077f6def8fce5d4edb956b"
        },
        "pipfile-spec": 6,
        "requires": {},
        "sources": [
            {
                "name": "pypi",
                "url": "https://pypi.org/simple",
                "verify_ssl": true
            }
        ]
    },
    "default": {
        "ansible": "*"
    },
    "develop": {
        "ansible-lint": "*",
        "yamllint": "*"
    }
}
